
Microsoft Visual Studio Solution File, Format Version 12.00
# Visual Studio Version 16
VisualStudioVersion = 16.0.31911.196
MinimumVisualStudioVersion = 10.0.40219.1
Project("{FAE04EC0-301F-11D3-BF4B-00C04F79EFBC}") = "WindowsFormsCars", "WindowsFormsCars.csproj", "{B312248D-8E82-4194-93BB-F409B42E5484}"
EndProject
Global
	GlobalSection(SolutionConfigurationPlatforms) = preSolution
		Debug|Any CPU = Debug|Any CPU
		Release|Any CPU = Release|Any CPU
	EndGlobalSection
	GlobalSection(ProjectConfigurationPlatforms) = postSolution
		{B312248D-8E82-4194-93BB-F409B42E5484}.Debug|Any CPU.ActiveCfg = Debug|Any CPU
		{B312248D-8E82-4194-93BB-F409B42E5484}.Debug|Any CPU.Build.0 = Debug|Any CPU
		{B312248D-8E82-4194-93BB-F409B42E5484}.Release|Any CPU.ActiveCfg = Release|Any CPU
		{B312248D-8E82-4194-93BB-F409B42E5484}.Release|Any CPU.Build.0 = Release|Any CPU
	EndGlobalSection
	GlobalSection(SolutionProperties) = preSolution
		HideSolutionNode = FALSE
	EndGlobalSection
	GlobalSection(ExtensibilityGlobals) = postSolution
		SolutionGuid = {AD1341BF-47AA-4147-9D23-CDDC2745EE83}
	EndGlobalSection
EndGlobal
